
Microsoft Visual Studio Solution File, Format Version 12.00
# Visual Studio Version 17
VisualStudioVersion = 17.12.35707.178
MinimumVisualStudioVersion = 10.0.40219.1
Project("{FAE04EC0-301F-11D3-BF4B-00C04F79EFBC}") = "KenzBot", "KenzBot.csproj", "{FEF0520D-C919-4F88-9D71-633E86A71CA0}"
EndProject
Global
	GlobalSection(SolutionConfigurationPlatforms) = preSolution
		Debug|Any CPU = Debug|Any CPU
		Release|Any CPU = Release|Any CPU
	EndGlobalSection
	GlobalSection(ProjectConfigurationPlatforms) = postSolution
		{FEF0520D-C919-4F88-9D71-633E86A71CA0}.Debug|Any CPU.ActiveCfg = Debug|Any CPU
		{FEF0520D-C919-4F88-9D71-633E86A71CA0}.Debug|Any CPU.Build.0 = Debug|Any CPU
		{FEF0520D-C919-4F88-9D71-633E86A71CA0}.Release|Any CPU.ActiveCfg = Release|Any CPU
		{FEF0520D-C919-4F88-9D71-633E86A71CA0}.Release|Any CPU.Build.0 = Release|Any CPU
	EndGlobalSection
	GlobalSection(SolutionProperties) = preSolution
		HideSolutionNode = FALSE
	EndGlobalSection
EndGlobal
